
Microsoft Visual Studio Solution File, Format Version 10.00
# Visual Studio 2008
Project("{FAE04EC0-301F-11D3-BF4B-00C04F79EFBC}") = "BCryptNET", "BCryptNET\BCryptNET.csproj", "{32D9B30D-B234-414F-9655-DB4F63AA2CD8}"
EndProject
Project("{FAE04EC0-301F-11D3-BF4B-00C04F79EFBC}") = "BCryptNET.Tests", "BCryptNET.Tests\BCryptNET.Tests.csproj", "{FD4F3009-9DE1-4535-9B2B-C6A826BAD6CC}"
EndProject
Global
	GlobalSection(SolutionConfigurationPlatforms) = preSolution
		Debug|Any CPU = Debug|Any CPU
		Release|Any CPU = Release|Any CPU
	EndGlobalSection
	GlobalSection(ProjectConfigurationPlatforms) = postSolution
		{32D9B30D-B234-414F-9655-DB4F63AA2CD8}.Debug|Any CPU.ActiveCfg = Debug|Any CPU
		{32D9B30D-B234-414F-9655-DB4F63AA2CD8}.Debug|Any CPU.Build.0 = Debug|Any CPU
		{32D9B30D-B234-414F-9655-DB4F63AA2CD8}.Release|Any CPU.ActiveCfg = Release|Any CPU
		{32D9B30D-B234-414F-9655-DB4F63AA2CD8}.Release|Any CPU.Build.0 = Release|Any CPU
		{FD4F3009-9DE1-4535-9B2B-C6A826BAD6CC}.Debug|Any CPU.ActiveCfg = Debug|Any CPU
		{FD4F3009-9DE1-4535-9B2B-C6A826BAD6CC}.Debug|Any CPU.Build.0 = Debug|Any CPU
		{FD4F3009-9DE1-4535-9B2B-C6A826BAD6CC}.Release|Any CPU.ActiveCfg = Release|Any CPU
		{FD4F3009-9DE1-4535-9B2B-C6A826BAD6CC}.Release|Any CPU.Build.0 = Release|Any CPU
	EndGlobalSection
	GlobalSection(SolutionProperties) = preSolution
		HideSolutionNode = FALSE
	EndGlobalSection
EndGlobal
